// !$*UTF8*$!
{
	archiveVersion = 1;
	classes = {
	};
	objectVersion = 50;
	objects = {

/* Begin PBXBuildFile section */
		2D3C5B4E25067797009CCBFA /* ProfileUIView.swift in Sources */ = {isa = PBXBuildFile; fileRef = 2D3C5B4D25067797009CCBFA /* ProfileUIView.swift */; };
		2D87C1542501327400C9C883 /* AppDelegate.swift in Sources */ = {isa = PBXBuildFile; fileRef = 2D87C1532501327400C9C883 /* AppDelegate.swift */; };
		2D87C1562501327400C9C883 /* SceneDelegate.swift in Sources */ = {isa = PBXBuildFile; fileRef = 2D87C1552501327400C9C883 /* SceneDelegate.swift */; };
		2D87C1582501327400C9C883 /* ContentView.swift in Sources */ = {isa = PBXBuildFile; fileRef = 2D87C1572501327400C9C883 /* ContentView.swift */; };
		2D87C15A2501327D00C9C883 /* Assets.xcassets in Resources */ = {isa = PBXBuildFile; fileRef = 2D87C1592501327D00C9C883 /* Assets.xcassets */; };
		2D87C15D2501327D00C9C883 /* Preview Assets.xcassets in Resources */ = {isa = PBXBuildFile; fileRef = 2D87C15C2501327D00C9C883 /* Preview Assets.xcassets */; };
		2D87C1602501327D00C9C883 /* LaunchScreen.storyboard in Resources */ = {isa = PBXBuildFile; fileRef = 2D87C15E2501327D00C9C883 /* LaunchScreen.storyboard */; };
		2D87C16825013FE700C9C883 /* ExperienceUIView.swift in Sources */ = {isa = PBXBuildFile; fileRef = 2D87C16725013FE700C9C883 /* ExperienceUIView.swift */; };
		2D87C16D25014B2700C9C883 /* Experience.swift in Sources */ = {isa = PBXBuildFile; fileRef = 2D87C16C25014B2700C9C883 /* Experience.swift */; };
		2D87C16F250400A100C9C883 /* ExperienceDetailUIView.swift in Sources */ = {isa = PBXBuildFile; fileRef = 2D87C16E250400A100C9C883 /* ExperienceDetailUIView.swift */; };
		2DEC4CF925A6D4C7001AE7E4 /* Profile.swift in Sources */ = {isa = PBXBuildFile; fileRef = 2DEC4CF825A6D4C7001AE7E4 /* Profile.swift */; };
		2DF7EE782507D0DF001BE4FA /* SkillsUIView.swift in Sources */ = {isa = PBXBuildFile; fileRef = 2DF7EE772507D0DF001BE4FA /* SkillsUIView.swift */; };
		2DF7EE7A2507D23D001BE4FA /* Skill.swift in Sources */ = {isa = PBXBuildFile; fileRef = 2DF7EE792507D23D001BE4FA /* Skill.swift */; };
		2DF7EE7C2507DED1001BE4FA /* .gitignore in Resources */ = {isa = PBXBuildFile; fileRef = 2DF7EE7B2507DED1001BE4FA /* .gitignore */; };
		2DF7EE7E25092F8C001BE4FA /* SkillDetailUIView.swift in Sources */ = {isa = PBXBuildFile; fileRef = 2DF7EE7D25092F8C001BE4FA /* SkillDetailUIView.swift */; };
/* End PBXBuildFile section */

/* Begin PBXFileReference section */
		2D3C5B4D25067797009CCBFA /* ProfileUIView.swift */ = {isa = PBXFileReference; lastKnownFileType = sourcecode.swift; path = ProfileUIView.swift; sourceTree = "<group>"; };
		2D87C1502501327400C9C883 /* MyResume.app */ = {isa = PBXFileReference; explicitFileType = wrapper.application; includeInIndex = 0; path = MyResume.app; sourceTree = BUILT_PRODUCTS_DIR; };
		2D87C1532501327400C9C883 /* AppDelegate.swift */ = {isa = PBXFileReference; lastKnownFileType = sourcecode.swift; path = AppDelegate.swift; sourceTree = "<group>"; };
		2D87C1552501327400C9C883 /* SceneDelegate.swift */ = {isa = PBXFileReference; lastKnownFileType = sourcecode.swift; path = SceneDelegate.swift; sourceTree = "<group>"; };
		2D87C1572501327400C9C883 /* ContentView.swift */ = {isa = PBXFileReference; lastKnownFileType = sourcecode.swift; path = ContentView.swift; sourceTree = "<group>"; };
		2D87C1592501327D00C9C883 /* Assets.xcassets */ = {isa = PBXFileReference; lastKnownFileType = folder.assetcatalog; path = Assets.xcassets; sourceTree = "<group>"; };
		2D87C15C2501327D00C9C883 /* Preview Assets.xcassets */ = {isa = PBXFileReference; lastKnownFileType = folder.assetcatalog; path = "Preview Assets.xcassets"; sourceTree = "<group>"; };
		2D87C15F2501327D00C9C883 /* Base */ = {isa = PBXFileReference; lastKnownFileType = file.storyboard; name = Base; path = Base.lproj/LaunchScreen.storyboard; sourceTree = "<group>"; };
		2D87C1612501327D00C9C883 /* Info.plist */ = {isa = PBXFileReference; lastKnownFileType = text.plist.xml; path = Info.plist; sourceTree = "<group>"; };
		2D87C16725013FE700C9C883 /* ExperienceUIView.swift */ = {isa = PBXFileReference; lastKnownFileType = sourcecode.swift; path = ExperienceUIView.swift; sourceTree = "<group>"; };
		2D87C16C25014B2700C9C883 /* Experience.swift */ = {isa = PBXFileReference; lastKnownFileType = sourcecode.swift; path = Experience.swift; sourceTree = "<group>"; };
		2D87C16E250400A100C9C883 /* ExperienceDetailUIView.swift */ = {isa = PBXFileReference; lastKnownFileType = sourcecode.swift; path = ExperienceDetailUIView.swift; sourceTree = "<group>"; };
		2DEC4CF825A6D4C7001AE7E4 /* Profile.swift */ = {isa = PBXFileReference; lastKnownFileType = sourcecode.swift; path = Profile.swift; sourceTree = "<group>"; };
		2DF7EE772507D0DF001BE4FA /* SkillsUIView.swift */ = {isa = PBXFileReference; lastKnownFileType = sourcecode.swift; path = SkillsUIView.swift; sourceTree = "<group>"; };
		2DF7EE792507D23D001BE4FA /* Skill.swift */ = {isa = PBXFileReference; lastKnownFileType = sourcecode.swift; path = Skill.swift; sourceTree = "<group>"; };
		2DF7EE7B2507DED1001BE4FA /* .gitignore */ = {isa = PBXFileReference; lastKnownFileType = text; path = .gitignore; sourceTree = "<group>"; };
		2DF7EE7D25092F8C001BE4FA /* SkillDetailUIView.swift */ = {isa = PBXFileReference; lastKnownFileType = sourcecode.swift; path = SkillDetailUIView.swift; sourceTree = "<group>"; };
/* End PBXFileReference section */

/* Begin PBXFrameworksBuildPhase section */
		2D87C14D2501327400C9C883 /* Frameworks */ = {
			isa = PBXFrameworksBuildPhase;
			buildActionMask = 2147483647;
			files = (
			);
			runOnlyForDeploymentPostprocessing = 0;
		};
/* End PBXFrameworksBuildPhase section */

/* Begin PBXGroup section */
		2D87C1472501327400C9C883 = {
			isa = PBXGroup;
			children = (
				2DF7EE7B2507DED1001BE4FA /* .gitignore */,
				2D87C1522501327400C9C883 /* MyResume */,
				2D87C1512501327400C9C883 /* Products */,
			);
			sourceTree = "<group>";
		};
		2D87C1512501327400C9C883 /* Products */ = {
			isa = PBXGroup;
			children = (
				2D87C1502501327400C9C883 /* MyResume.app */,
			);
			name = Products;
			sourceTree = "<group>";
		};
		2D87C1522501327400C9C883 /* MyResume */ = {
			isa = PBXGroup;
			children = (
				2DEC4CC625A6B3F7001AE7E4 /* Views */,
				2DEC4CC525A6B3DA001AE7E4 /* Resource */,
				2DEC4CC225A6B3A4001AE7E4 /* Models */,
				2D87C1612501327D00C9C883 /* Info.plist */,
				2D87C15B2501327D00C9C883 /* Preview Content */,
			);
			path = MyResume;
			sourceTree = "<group>";
		};
		2D87C15B2501327D00C9C883 /* Preview Content */ = {
			isa = PBXGroup;
			children = (
				2D87C15C2501327D00C9C883 /* Preview Assets.xcassets */,
			);
			path = "Preview Content";
			sourceTree = "<group>";
		};
		2DEC4CC225A6B3A4001AE7E4 /* Models */ = {
			isa = PBXGroup;
			children = (
				2DF7EE792507D23D001BE4FA /* Skill.swift */,
				2D87C16C25014B2700C9C883 /* Experience.swift */,
				2DEC4CF825A6D4C7001AE7E4 /* Profile.swift */,
			);
			path = Models;
			sourceTree = "<group>";
		};
		2DEC4CC525A6B3DA001AE7E4 /* Resource */ = {
			isa = PBXGroup;
			children = (
				2D87C1532501327400C9C883 /* AppDelegate.swift */,
				2D87C1552501327400C9C883 /* SceneDelegate.swift */,
			);
			path = Resource;
			sourceTree = "<group>";
		};
		2DEC4CC625A6B3F7001AE7E4 /* Views */ = {
			isa = PBXGroup;
			children = (
				2D87C16725013FE700C9C883 /* ExperienceUIView.swift */,
				2D87C1572501327400C9C883 /* ContentView.swift */,
				2D3C5B4D25067797009CCBFA /* ProfileUIView.swift */,
				2D87C16E250400A100C9C883 /* ExperienceDetailUIView.swift */,
				2D87C15E2501327D00C9C883 /* LaunchScreen.storyboard */,
				2DF7EE772507D0DF001BE4FA /* SkillsUIView.swift */,
				2DF7EE7D25092F8C001BE4FA /* SkillDetailUIView.swift */,
				2D87C1592501327D00C9C883 /* Assets.xcassets */,
			);
			path = Views;
			sourceTree = "<group>";
		};
/* End PBXGroup section */

/* Begin PBXNativeTarget section */
		2D87C14F2501327400C9C883 /* MyResume */ = {
			isa = PBXNativeTarget;
			buildConfigurationList = 2D87C1642501327D00C9C883 /* Build configuration list for PBXNativeTarget "MyResume" */;
			buildPhases = (
				2D87C14C2501327400C9C883 /* Sources */,
				2D87C14D2501327400C9C883 /* Frameworks */,
				2D87C14E2501327400C9C883 /* Resources */,
			);
			buildRules = (
			);
			dependencies = (
			);
			name = MyResume;
			productName = MyResume;
			productReference = 2D87C1502501327400C9C883 /* MyResume.app */;
			productType = "com.apple.product-type.application";
		};
/* End PBXNativeTarget section */

/* Begin PBXProject section */
		2D87C1482501327400C9C883 /* Project object */ = {
			isa = PBXProject;
			attributes = {
				LastSwiftUpdateCheck = 1130;
				LastUpgradeCheck = 1130;
				ORGANIZATIONNAME = "Wei Lun Hsu";
				TargetAttributes = {
					2D87C14F2501327400C9C883 = {
						CreatedOnToolsVersion = 11.3.1;
					};
				};
			};
			buildConfigurationList = 2D87C14B2501327400C9C883 /* Build configuration list for PBXProject "MyResume" */;
			compatibilityVersion = "Xcode 9.3";
			developmentRegion = en;
			hasScannedForEncodings = 0;
			knownRegions = (
				en,
				Base,
			);
			mainGroup = 2D87C1472501327400C9C883;
			productRefGroup = 2D87C1512501327400C9C883 /* Products */;
			projectDirPath = "";
			projectRoot = "";
			targets = (
				2D87C14F2501327400C9C883 /* MyResume */,
			);
		};
/* End PBXProject section */

/* Begin PBXResourcesBuildPhase section */
		2D87C14E2501327400C9C883 /* Resources */ = {
			isa = PBXResourcesBuildPhase;
			buildActionMask = 2147483647;
			files = (
				2DF7EE7C2507DED1001BE4FA /* .gitignore in Resources */,
				2D87C1602501327D00C9C883 /* LaunchScreen.storyboard in Resources */,
				2D87C15D2501327D00C9C883 /* Preview Assets.xcassets in Resources */,
				2D87C15A2501327D00C9C883 /* Assets.xcassets in Resources */,
			);
			runOnlyForDeploymentPostprocessing = 0;
		};
/* End PBXResourcesBuildPhase section */

/* Begin PBXSourcesBuildPhase section */
		2D87C14C2501327400C9C883 /* Sources */ = {
			isa = PBXSourcesBuildPhase;
			buildActionMask = 2147483647;
			files = (
				2DF7EE782507D0DF001BE4FA /* SkillsUIView.swift in Sources */,
				2D87C16F250400A100C9C883 /* ExperienceDetailUIView.swift in Sources */,
				2D87C1542501327400C9C883 /* AppDelegate.swift in Sources */,
				2D87C1562501327400C9C883 /* SceneDelegate.swift in Sources */,
				2DF7EE7A2507D23D001BE4FA /* Skill.swift in Sources */,
				2D87C16825013FE700C9C883 /* ExperienceUIView.swift in Sources */,
				2D87C16D25014B2700C9C883 /* Experience.swift in Sources */,
				2DF7EE7E25092F8C001BE4FA /* SkillDetailUIView.swift in Sources */,
				2DEC4CF925A6D4C7001AE7E4 /* Profile.swift in Sources */,
				2D87C1582501327400C9C883 /* ContentView.swift in Sources */,
				2D3C5B4E25067797009CCBFA /* ProfileUIView.swift in Sources */,
			);
			runOnlyForDeploymentPostprocessing = 0;
		};
/* End PBXSourcesBuildPhase section */

/* Begin PBXVariantGroup section */
		2D87C15E2501327D00C9C883 /* LaunchScreen.storyboard */ = {
			isa = PBXVariantGroup;
			children = (
				2D87C15F2501327D00C9C883 /* Base */,
			);
			name = LaunchScreen.storyboard;
			sourceTree = "<group>";
		};
/* End PBXVariantGroup section */

/* Begin XCBuildConfiguration section */
		2D87C1622501327D00C9C883 /* Debug */ = {
			isa = XCBuildConfiguration;
			buildSettings = {
				ALWAYS_SEARCH_USER_PATHS = NO;
				CLANG_ANALYZER_NONNULL = YES;
				CLANG_ANALYZER_NUMBER_OBJECT_CONVERSION = YES_AGGRESSIVE;
				CLANG_CXX_LANGUAGE_STANDARD = "gnu++14";
				CLANG_CXX_LIBRARY = "libc++";
				CLANG_ENABLE_MODULES = YES;
				CLANG_ENABLE_OBJC_ARC = YES;
				CLANG_ENABLE_OBJC_WEAK = YES;
				CLANG_WARN_BLOCK_CAPTURE_AUTORELEASING = YES;
				CLANG_WARN_BOOL_CONVERSION = YES;
				CLANG_WARN_COMMA = YES;
				CLANG_WARN_CONSTANT_CONVERSION = YES;
				CLANG_WARN_DEPRECATED_OBJC_IMPLEMENTATIONS = YES;
				CLANG_WARN_DIRECT_OBJC_ISA_USAGE = YES_ERROR;
				CLANG_WARN_DOCUMENTATION_COMMENTS = YES;
				CLANG_WARN_EMPTY_BODY = YES;
				CLANG_WARN_ENUM_CONVERSION = YES;
				CLANG_WARN_INFINITE_RECURSION = YES;
				CLANG_WARN_INT_CONVERSION = YES;
				CLANG_WARN_NON_LITERAL_NULL_CONVERSION = YES;
				CLANG_WARN_OBJC_IMPLICIT_RETAIN_SELF = YES;
				CLANG_WARN_OBJC_LITERAL_CONVERSION = YES;
				CLANG_WARN_OBJC_ROOT_CLASS = YES_ERROR;
				CLANG_WARN_RANGE_LOOP_ANALYSIS = YES;
				CLANG_WARN_STRICT_PROTOTYPES = YES;
				CLANG_WARN_SUSPICIOUS_MOVE = YES;
				CLANG_WARN_UNGUARDED_AVAILABILITY = YES_AGGRESSIVE;
				CLANG_WARN_UNREACHABLE_CODE = YES;
				CLANG_WARN__DUPLICATE_METHOD_MATCH = YES;
				COPY_PHASE_STRIP = NO;
				DEBUG_INFORMATION_FORMAT = dwarf;
				ENABLE_STRICT_OBJC_MSGSEND = YES;
				ENABLE_TESTABILITY = YES;
				GCC_C_LANGUAGE_STANDARD = gnu11;
				GCC_DYNAMIC_NO_PIC = NO;
				GCC_NO_COMMON_BLOCKS = YES;
				GCC_OPTIMIZATION_LEVEL = 0;
				GCC_PREPROCESSOR_DEFINITIONS = (
					"DEBUG=1",
					"$(inherited)",
				);
				GCC_WARN_64_TO_32_BIT_CONVERSION = YES;
				GCC_WARN_ABOUT_RETURN_TYPE = YES_ERROR;
				GCC_WARN_UNDECLARED_SELECTOR = YES;
				GCC_WARN_UNINITIALIZED_AUTOS = YES_AGGRESSIVE;
				GCC_WARN_UNUSED_FUNCTION = YES;
				GCC_WARN_UNUSED_VARIABLE = YES;
				IPHONEOS_DEPLOYMENT_TARGET = 13.2;
				MTL_ENABLE_DEBUG_INFO = INCLUDE_SOURCE;
				MTL_FAST_MATH = YES;
				ONLY_ACTIVE_ARCH = YES;
				SDKROOT = iphoneos;
				SWIFT_ACTIVE_COMPILATION_CONDITIONS = DEBUG;
				SWIFT_OPTIMIZATION_LEVEL = "-Onone";
			};
			name = Debug;
		};
		2D87C1632501327D00C9C883 /* Release */ = {
			isa = XCBuildConfiguration;
			buildSettings = {
				ALWAYS_SEARCH_USER_PATHS = NO;
				CLANG_ANALYZER_NONNULL = YES;
				CLANG_ANALYZER_NUMBER_OBJECT_CONVERSION = YES_AGGRESSIVE;
				CLANG_CXX_LANGUAGE_STANDARD = "gnu++14";
				CLANG_CXX_LIBRARY = "libc++";
				CLANG_ENABLE_MODULES = YES;
				CLANG_ENABLE_OBJC_ARC = YES;
				CLANG_ENABLE_OBJC_WEAK = YES;
				CLANG_WARN_BLOCK_CAPTURE_AUTORELEASING = YES;
				CLANG_WARN_BOOL_CONVERSION = YES;
				CLANG_WARN_COMMA = YES;
				CLANG_WARN_CONSTANT_CONVERSION = YES;
				CLANG_WARN_DEPRECATED_OBJC_IMPLEMENTATIONS = YES;
				CLANG_WARN_DIRECT_OBJC_ISA_USAGE = YES_ERROR;
				CLANG_WARN_DOCUMENTATION_COMMENTS = YES;
				CLANG_WARN_EMPTY_BODY = YES;
				CLANG_WARN_ENUM_CONVERSION = YES;
				CLANG_WARN_INFINITE_RECURSION = YES;
				CLANG_WARN_INT_CONVERSION = YES;
				CLANG_WARN_NON_LITERAL_NULL_CONVERSION = YES;
				CLANG_WARN_OBJC_IMPLICIT_RETAIN_SELF = YES;
				CLANG_WARN_OBJC_LITERAL_CONVERSION = YES;
				CLANG_WARN_OBJC_ROOT_CLASS = YES_ERROR;
				CLANG_WARN_RANGE_LOOP_ANALYSIS = YES;
				CLANG_WARN_STRICT_PROTOTYPES = YES;
				CLANG_WARN_SUSPICIOUS_MOVE = YES;
				CLANG_WARN_UNGUARDED_AVAILABILITY = YES_AGGRESSIVE;
				CLANG_WARN_UNREACHABLE_CODE = YES;
				CLANG_WARN__DUPLICATE_METHOD_MATCH = YES;
				COPY_PHASE_STRIP = NO;
				DEBUG_INFORMATION_FORMAT = "dwarf-with-dsym";
				ENABLE_NS_ASSERTIONS = NO;
				ENABLE_STRICT_OBJC_MSGSEND = YES;
				GCC_C_LANGUAGE_STANDARD = gnu11;
				GCC_NO_COMMON_BLOCKS = YES;
				GCC_WARN_64_TO_32_BIT_CONVERSION = YES;
				GCC_WARN_ABOUT_RETURN_TYPE = YES_ERROR;
				GCC_WARN_UNDECLARED_SELECTOR = YES;
				GCC_WARN_UNINITIALIZED_AUTOS = YES_AGGRESSIVE;
				GCC_WARN_UNUSED_FUNCTION = YES;
				GCC_WARN_UNUSED_VARIABLE = YES;
				IPHONEOS_DEPLOYMENT_TARGET = 13.2;
				MTL_ENABLE_DEBUG_INFO = NO;
				MTL_FAST_MATH = YES;
				SDKROOT = iphoneos;
				SWIFT_COMPILATION_MODE = wholemodule;
				SWIFT_OPTIMIZATION_LEVEL = "-O";
				VALIDATE_PRODUCT = YES;
			};
			name = Release;
		};
		2D87C1652501327D00C9C883 /* Debug */ = {
			isa = XCBuildConfiguration;
			buildSettings = {
				ASSETCATALOG_COMPILER_APPICON_NAME = AppIcon;
				CODE_SIGN_STYLE = Automatic;
				DEVELOPMENT_ASSET_PATHS = "\"MyResume/Preview Content\"";
				DEVELOPMENT_TEAM = 53Q6P6AQV8;
				ENABLE_PREVIEWS = YES;
				INFOPLIST_FILE = MyResume/Info.plist;
				LD_RUNPATH_SEARCH_PATHS = (
					"$(inherited)",
					"@executable_path/Frameworks",
				);
				PRODUCT_BUNDLE_IDENTIFIER = WeiLun.MyResume;
				PRODUCT_NAME = "$(TARGET_NAME)";
				SWIFT_VERSION = 5.0;
				TARGETED_DEVICE_FAMILY = "1,2";
			};
			name = Debug;
		};
		2D87C1662501327D00C9C883 /* Release */ = {
			isa = XCBuildConfiguration;
			buildSettings = {
				ASSETCATALOG_COMPILER_APPICON_NAME = AppIcon;
				CODE_SIGN_STYLE = Automatic;
				DEVELOPMENT_ASSET_PATHS = "\"MyResume/Preview Content\"";
				DEVELOPMENT_TEAM = 53Q6P6AQV8;
				ENABLE_PREVIEWS = YES;
				INFOPLIST_FILE = MyResume/Info.plist;
				LD_RUNPATH_SEARCH_PATHS = (
					"$(inherited)",
					"@executable_path/Frameworks",
				);
				PRODUCT_BUNDLE_IDENTIFIER = WeiLun.MyResume;
				PRODUCT_NAME = "$(TARGET_NAME)";
				SWIFT_VERSION = 5.0;
				TARGETED_DEVICE_FAMILY = "1,2";
			};
			name = Release;
		};
/* End XCBuildConfiguration section */

/* Begin XCConfigurationList section */
		2D87C14B2501327400C9C883 /* Build configuration list for PBXProject "MyResume" */ = {
			isa = XCConfigurationList;
			buildConfigurations = (
				2D87C1622501327D00C9C883 /* Debug */,
				2D87C1632501327D00C9C883 /* Release */,
			);
			defaultConfigurationIsVisible = 0;
			defaultConfigurationName = Release;
		};
		2D87C1642501327D00C9C883 /* Build configuration list for PBXNativeTarget "MyResume" */ = {
			isa = XCConfigurationList;
			buildConfigurations = (
				2D87C1652501327D00C9C883 /* Debug */,
				2D87C1662501327D00C9C883 /* Release */,
			);
			defaultConfigurationIsVisible = 0;
			defaultConfigurationName = Release;
		};
/* End XCConfigurationList section */
	};
	rootObject = 2D87C1482501327400C9C883 /* Project object */;
}
